{
  "originHash" : "ca0fd3e144b9115a2aa5ecabe08071400b9ab22af71c42773e8867dd8dc632e7",
  "pins" : [
    {
      "identity" : "myimagecropper",
      "kind" : "remoteSourceControl",
      "location" : "https://github.com/Mucchoo/MYImageCropper.git",
      "state" : {
        "branch" : "main",
        "revision" : "eecf5be71b731ded6d48f60de2c39535703ce38e"
      }
    }
  ],
  "version" : 3
}
